
Microsoft Visual Studio Solution File, Format Version 12.00
# Visual Studio Version 16
VisualStudioVersion = 16.0.31005.135
MinimumVisualStudioVersion = 10.0.40219.1
Project("{FAE04EC0-301F-11D3-BF4B-00C04F79EFBC}") = "OOP_cv6", "OOP_cv6.csproj", "{551E9032-60B5-4354-A6E3-C47B018934CF}"
EndProject
Global
	GlobalSection(SolutionConfigurationPlatforms) = preSolution
		Debug|Any CPU = Debug|Any CPU
		Release|Any CPU = Release|Any CPU
	EndGlobalSection
	GlobalSection(ProjectConfigurationPlatforms) = postSolution
		{551E9032-60B5-4354-A6E3-C47B018934CF}.Debug|Any CPU.ActiveCfg = Debug|Any CPU
		{551E9032-60B5-4354-A6E3-C47B018934CF}.Debug|Any CPU.Build.0 = Debug|Any CPU
		{551E9032-60B5-4354-A6E3-C47B018934CF}.Release|Any CPU.ActiveCfg = Release|Any CPU
		{551E9032-60B5-4354-A6E3-C47B018934CF}.Release|Any CPU.Build.0 = Release|Any CPU
	EndGlobalSection
	GlobalSection(SolutionProperties) = preSolution
		HideSolutionNode = FALSE
	EndGlobalSection
	GlobalSection(ExtensibilityGlobals) = postSolution
		SolutionGuid = {CEA53AEE-2326-41B5-9083-6E6AC816088F}
	EndGlobalSection
EndGlobal
